
Microsoft Visual Studio Solution File, Format Version 12.00
# Visual Studio Version 17
VisualStudioVersion = 17.9.34723.18
MinimumVisualStudioVersion = 10.0.40219.1
Project("{9A19103F-16F7-4668-BE54-9A1E7A4F7556}") = "BFI.Web", "BFI.Web\BFI.Web.csproj", "{E27B2786-3BAB-409B-B639-F71622521C44}"
EndProject
Global
	GlobalSection(SolutionConfigurationPlatforms) = preSolution
		Debug|Any CPU = Debug|Any CPU
		Release|Any CPU = Release|Any CPU
	EndGlobalSection
	GlobalSection(ProjectConfigurationPlatforms) = postSolution
		{E27B2786-3BAB-409B-B639-F71622521C44}.Debug|Any CPU.ActiveCfg = Debug|Any CPU
		{E27B2786-3BAB-409B-B639-F71622521C44}.Debug|Any CPU.Build.0 = Debug|Any CPU
		{E27B2786-3BAB-409B-B639-F71622521C44}.Release|Any CPU.ActiveCfg = Release|Any CPU
		{E27B2786-3BAB-409B-B639-F71622521C44}.Release|Any CPU.Build.0 = Release|Any CPU
	EndGlobalSection
	GlobalSection(SolutionProperties) = preSolution
		HideSolutionNode = FALSE
	EndGlobalSection
	GlobalSection(ExtensibilityGlobals) = postSolution
		SolutionGuid = {629EA006-EDF4-4755-8C97-2A35D66AA951}
	EndGlobalSection
	GlobalSection(TeamFoundationVersionControl) = preSolution
		SccNumberOfProjects = 2
		SccEnterpriseProvider = {4CA58AB2-18FA-4F8D-95D4-32DDF27D184C}
		SccTeamFoundationServer = http://amtfs:8080/tfs/defaultcollection
		SccLocalPath0 = .
		SccProjectUniqueName1 = BFI.Web\\BFI.Web.csproj
		SccProjectName1 = BFI.Web
		SccLocalPath1 = BFI.Web
	EndGlobalSection
EndGlobal
